
Microsoft Visual Studio Solution File, Format Version 12.00
# Visual Studio Version 16
VisualStudioVersion = 16.0.31911.196
MinimumVisualStudioVersion = 10.0.40219.1
Project("{FAE04EC0-301F-11D3-BF4B-00C04F79EFBC}") = "ImageConverterLib", "ImageConverterLib\ImageConverterLib.csproj", "{E5F255CD-85FC-4276-96F4-B2AD734D00F4}"
EndProject
Project("{FAE04EC0-301F-11D3-BF4B-00C04F79EFBC}") = "BinToImg", "BinToImg\BinToImg.csproj", "{5837FA6E-454B-420D-9A8B-2CB832393F55}"
EndProject
Project("{FAE04EC0-301F-11D3-BF4B-00C04F79EFBC}") = "ImgToBin", "ImgToBin\ImgToBin.csproj", "{1AE3ED05-821D-476F-9B56-8301815040F9}"
EndProject
Global
	GlobalSection(SolutionConfigurationPlatforms) = preSolution
		Debug|Any CPU = Debug|Any CPU
		Release|Any CPU = Release|Any CPU
	EndGlobalSection
	GlobalSection(ProjectConfigurationPlatforms) = postSolution
		{E5F255CD-85FC-4276-96F4-B2AD734D00F4}.Debug|Any CPU.ActiveCfg = Debug|Any CPU
		{E5F255CD-85FC-4276-96F4-B2AD734D00F4}.Debug|Any CPU.Build.0 = Debug|Any CPU
		{E5F255CD-85FC-4276-96F4-B2AD734D00F4}.Release|Any CPU.ActiveCfg = Release|Any CPU
		{E5F255CD-85FC-4276-96F4-B2AD734D00F4}.Release|Any CPU.Build.0 = Release|Any CPU
		{5837FA6E-454B-420D-9A8B-2CB832393F55}.Debug|Any CPU.ActiveCfg = Debug|Any CPU
		{5837FA6E-454B-420D-9A8B-2CB832393F55}.Debug|Any CPU.Build.0 = Debug|Any CPU
		{5837FA6E-454B-420D-9A8B-2CB832393F55}.Release|Any CPU.ActiveCfg = Release|Any CPU
		{5837FA6E-454B-420D-9A8B-2CB832393F55}.Release|Any CPU.Build.0 = Release|Any CPU
		{1AE3ED05-821D-476F-9B56-8301815040F9}.Debug|Any CPU.ActiveCfg = Debug|Any CPU
		{1AE3ED05-821D-476F-9B56-8301815040F9}.Debug|Any CPU.Build.0 = Debug|Any CPU
		{1AE3ED05-821D-476F-9B56-8301815040F9}.Release|Any CPU.ActiveCfg = Release|Any CPU
		{1AE3ED05-821D-476F-9B56-8301815040F9}.Release|Any CPU.Build.0 = Release|Any CPU
	EndGlobalSection
	GlobalSection(SolutionProperties) = preSolution
		HideSolutionNode = FALSE
	EndGlobalSection
	GlobalSection(ExtensibilityGlobals) = postSolution
		SolutionGuid = {1208B7E3-98F2-44FD-A162-D60D2A84F892}
	EndGlobalSection
EndGlobal
